
Microsoft Visual Studio Solution File, Format Version 12.00
# Blend for Visual Studio Version 16
VisualStudioVersion = 16.0.36227.6
MinimumVisualStudioVersion = 10.0.40219.1
Project("{9A19103F-16F7-4668-BE54-9A1E7A4F7556}") = "MathMage", "MathMage.csproj", "{D91ADA25-32C3-4038-BD69-C31D49974ACE}"
EndProject
Global
	GlobalSection(SolutionConfigurationPlatforms) = preSolution
		Debug|Any CPU = Debug|Any CPU
		Release|Any CPU = Release|Any CPU
	EndGlobalSection
	GlobalSection(ProjectConfigurationPlatforms) = postSolution
		{D91ADA25-32C3-4038-BD69-C31D49974ACE}.Debug|Any CPU.ActiveCfg = Debug|Any CPU
		{D91ADA25-32C3-4038-BD69-C31D49974ACE}.Debug|Any CPU.Build.0 = Debug|Any CPU
		{D91ADA25-32C3-4038-BD69-C31D49974ACE}.Release|Any CPU.ActiveCfg = Release|Any CPU
		{D91ADA25-32C3-4038-BD69-C31D49974ACE}.Release|Any CPU.Build.0 = Release|Any CPU
	EndGlobalSection
	GlobalSection(SolutionProperties) = preSolution
		HideSolutionNode = FALSE
	EndGlobalSection
	GlobalSection(ExtensibilityGlobals) = postSolution
		SolutionGuid = {7096CD27-1214-4AA1-84E0-A10C250ECAD9}
	EndGlobalSection
EndGlobal
